// !$*UTF8*$!
{
	archiveVersion = 1;
	classes = {
	};
	objectVersion = 56;
	objects = {

/* Begin PBXBuildFile section */
		F73CFA852DF6A277004061AA /* Swift_Caculator_AppApp.swift in Sources */ = {isa = PBXBuildFile; fileRef = F73CFA842DF6A277004061AA /* Swift_Caculator_AppApp.swift */; };
		F73CFA872DF6A277004061AA /* ContentView.swift in Sources */ = {isa = PBXBuildFile; fileRef = F73CFA862DF6A277004061AA /* ContentView.swift */; };
		F73CFA892DF6A278004061AA /* Assets.xcassets in Resources */ = {isa = PBXBuildFile; fileRef = F73CFA882DF6A278004061AA /* Assets.xcassets */; };
		F73CFA8D2DF6A278004061AA /* Preview Assets.xcassets in Resources */ = {isa = PBXBuildFile; fileRef = F73CFA8C2DF6A278004061AA /* Preview Assets.xcassets */; };
		F73CFA972DF6A278004061AA /* Swift_Caculator_AppTests.swift in Sources */ = {isa = PBXBuildFile; fileRef = F73CFA962DF6A278004061AA /* Swift_Caculator_AppTests.swift */; };
		F73CFAA12DF6A278004061AA /* Swift_Caculator_AppUITests.swift in Sources */ = {isa = PBXBuildFile; fileRef = F73CFAA02DF6A278004061AA /* Swift_Caculator_AppUITests.swift */; };
		F73CFAA32DF6A278004061AA /* Swift_Caculator_AppUITestsLaunchTests.swift in Sources */ = {isa = PBXBuildFile; fileRef = F73CFAA22DF6A278004061AA /* Swift_Caculator_AppUITestsLaunchTests.swift */; };
/* End PBXBuildFile section */

/* Begin PBXContainerItemProxy section */
		F73CFA932DF6A278004061AA /* PBXContainerItemProxy */ = {
			isa = PBXContainerItemProxy;
			containerPortal = F73CFA792DF6A277004061AA /* Project object */;
			proxyType = 1;
			remoteGlobalIDString = F73CFA802DF6A277004061AA;
			remoteInfo = "Swift-Caculator-App";
		};
		F73CFA9D2DF6A278004061AA /* PBXContainerItemProxy */ = {
			isa = PBXContainerItemProxy;
			containerPortal = F73CFA792DF6A277004061AA /* Project object */;
			proxyType = 1;
			remoteGlobalIDString = F73CFA802DF6A277004061AA;
			remoteInfo = "Swift-Caculator-App";
		};
/* End PBXContainerItemProxy section */

/* Begin PBXFileReference section */
		F73CFA812DF6A277004061AA /* Swift-Caculator-App.app */ = {isa = PBXFileReference; explicitFileType = wrapper.application; includeInIndex = 0; path = "Swift-Caculator-App.app"; sourceTree = BUILT_PRODUCTS_DIR; };
		F73CFA842DF6A277004061AA /* Swift_Caculator_AppApp.swift */ = {isa = PBXFileReference; lastKnownFileType = sourcecode.swift; path = Swift_Caculator_AppApp.swift; sourceTree = "<group>"; };
		F73CFA862DF6A277004061AA /* ContentView.swift */ = {isa = PBXFileReference; lastKnownFileType = sourcecode.swift; path = ContentView.swift; sourceTree = "<group>"; };
		F73CFA882DF6A278004061AA /* Assets.xcassets */ = {isa = PBXFileReference; lastKnownFileType = folder.assetcatalog; path = Assets.xcassets; sourceTree = "<group>"; };
		F73CFA8A2DF6A278004061AA /* Swift_Caculator_App.entitlements */ = {isa = PBXFileReference; lastKnownFileType = text.plist.entitlements; path = Swift_Caculator_App.entitlements; sourceTree = "<group>"; };
		F73CFA8C2DF6A278004061AA /* Preview Assets.xcassets */ = {isa = PBXFileReference; lastKnownFileType = folder.assetcatalog; path = "Preview Assets.xcassets"; sourceTree = "<group>"; };
		F73CFA922DF6A278004061AA /* Swift-Caculator-AppTests.xctest */ = {isa = PBXFileReference; explicitFileType = wrapper.cfbundle; includeInIndex = 0; path = "Swift-Caculator-AppTests.xctest"; sourceTree = BUILT_PRODUCTS_DIR; };
		F73CFA962DF6A278004061AA /* Swift_Caculator_AppTests.swift */ = {isa = PBXFileReference; lastKnownFileType = sourcecode.swift; path = Swift_Caculator_AppTests.swift; sourceTree = "<group>"; };
		F73CFA9C2DF6A278004061AA /* Swift-Caculator-AppUITests.xctest */ = {isa = PBXFileReference; explicitFileType = wrapper.cfbundle; includeInIndex = 0; path = "Swift-Caculator-AppUITests.xctest"; sourceTree = BUILT_PRODUCTS_DIR; };
		F73CFAA02DF6A278004061AA /* Swift_Caculator_AppUITests.swift */ = {isa = PBXFileReference; lastKnownFileType = sourcecode.swift; path = Swift_Caculator_AppUITests.swift; sourceTree = "<group>"; };
		F73CFAA22DF6A278004061AA /* Swift_Caculator_AppUITestsLaunchTests.swift */ = {isa = PBXFileReference; lastKnownFileType = sourcecode.swift; path = Swift_Caculator_AppUITestsLaunchTests.swift; sourceTree = "<group>"; };
/* End PBXFileReference section */

/* Begin PBXFrameworksBuildPhase section */
		F73CFA7E2DF6A277004061AA /* Frameworks */ = {
			isa = PBXFrameworksBuildPhase;
			buildActionMask = 2147483647;
			files = (
			);
			runOnlyForDeploymentPostprocessing = 0;
		};
		F73CFA8F2DF6A278004061AA /* Frameworks */ = {
			isa = PBXFrameworksBuildPhase;
			buildActionMask = 2147483647;
			files = (
			);
			runOnlyForDeploymentPostprocessing = 0;
		};
		F73CFA992DF6A278004061AA /* Frameworks */ = {
			isa = PBXFrameworksBuildPhase;
			buildActionMask = 2147483647;
			files = (
			);
			runOnlyForDeploymentPostprocessing = 0;
		};
/* End PBXFrameworksBuildPhase section */

/* Begin PBXGroup section */
		F73CFA782DF6A277004061AA = {
			isa = PBXGroup;
			children = (
				F73CFA832DF6A277004061AA /* Swift-Caculator-App */,
				F73CFA952DF6A278004061AA /* Swift-Caculator-AppTests */,
				F73CFA9F2DF6A278004061AA /* Swift-Caculator-AppUITests */,
				F73CFA822DF6A277004061AA /* Products */,
			);
			sourceTree = "<group>";
		};
		F73CFA822DF6A277004061AA /* Products */ = {
			isa = PBXGroup;
			children = (
				F73CFA812DF6A277004061AA /* Swift-Caculator-App.app */,
				F73CFA922DF6A278004061AA /* Swift-Caculator-AppTests.xctest */,
				F73CFA9C2DF6A278004061AA /* Swift-Caculator-AppUITests.xctest */,
			);
			name = Products;
			sourceTree = "<group>";
		};
		F73CFA832DF6A277004061AA /* Swift-Caculator-App */ = {
			isa = PBXGroup;
			children = (
				F73CFA842DF6A277004061AA /* Swift_Caculator_AppApp.swift */,
				F73CFA862DF6A277004061AA /* ContentView.swift */,
				F73CFA882DF6A278004061AA /* Assets.xcassets */,
				F73CFA8A2DF6A278004061AA /* Swift_Caculator_App.entitlements */,
				F73CFA8B2DF6A278004061AA /* Preview Content */,
			);
			path = "Swift-Caculator-App";
			sourceTree = "<group>";
		};
		F73CFA8B2DF6A278004061AA /* Preview Content */ = {
			isa = PBXGroup;
			children = (
				F73CFA8C2DF6A278004061AA /* Preview Assets.xcassets */,
			);
			path = "Preview Content";
			sourceTree = "<group>";
		};
		F73CFA952DF6A278004061AA /* Swift-Caculator-AppTests */ = {
			isa = PBXGroup;
			children = (
				F73CFA962DF6A278004061AA /* Swift_Caculator_AppTests.swift */,
			);
			path = "Swift-Caculator-AppTests";
			sourceTree = "<group>";
		};
		F73CFA9F2DF6A278004061AA /* Swift-Caculator-AppUITests */ = {
			isa = PBXGroup;
			children = (
				F73CFAA02DF6A278004061AA /* Swift_Caculator_AppUITests.swift */,
				F73CFAA22DF6A278004061AA /* Swift_Caculator_AppUITestsLaunchTests.swift */,
			);
			path = "Swift-Caculator-AppUITests";
			sourceTree = "<group>";
		};
/* End PBXGroup section */

/* Begin PBXNativeTarget section */
		F73CFA802DF6A277004061AA /* Swift-Caculator-App */ = {
			isa = PBXNativeTarget;
			buildConfigurationList = F73CFAA62DF6A278004061AA /* Build configuration list for PBXNativeTarget "Swift-Caculator-App" */;
			buildPhases = (
				F73CFA7D2DF6A277004061AA /* Sources */,
				F73CFA7E2DF6A277004061AA /* Frameworks */,
				F73CFA7F2DF6A277004061AA /* Resources */,
			);
			buildRules = (
			);
			dependencies = (
			);
			name = "Swift-Caculator-App";
			productName = "Swift-Caculator-App";
			productReference = F73CFA812DF6A277004061AA /* Swift-Caculator-App.app */;
			productType = "com.apple.product-type.application";
		};
		F73CFA912DF6A278004061AA /* Swift-Caculator-AppTests */ = {
			isa = PBXNativeTarget;
			buildConfigurationList = F73CFAA92DF6A278004061AA /* Build configuration list for PBXNativeTarget "Swift-Caculator-AppTests" */;
			buildPhases = (
				F73CFA8E2DF6A278004061AA /* Sources */,
				F73CFA8F2DF6A278004061AA /* Frameworks */,
				F73CFA902DF6A278004061AA /* Resources */,
			);
			buildRules = (
			);
			dependencies = (
				F73CFA942DF6A278004061AA /* PBXTargetDependency */,
			);
			name = "Swift-Caculator-AppTests";
			productName = "Swift-Caculator-AppTests";
			productReference = F73CFA922DF6A278004061AA /* Swift-Caculator-AppTests.xctest */;
			productType = "com.apple.product-type.bundle.unit-test";
		};
		F73CFA9B2DF6A278004061AA /* Swift-Caculator-AppUITests */ = {
			isa = PBXNativeTarget;
			buildConfigurationList = F73CFAAC2DF6A278004061AA /* Build configuration list for PBXNativeTarget "Swift-Caculator-AppUITests" */;
			buildPhases = (
				F73CFA982DF6A278004061AA /* Sources */,
				F73CFA992DF6A278004061AA /* Frameworks */,
				F73CFA9A2DF6A278004061AA /* Resources */,
			);
			buildRules = (
			);
			dependencies = (
				F73CFA9E2DF6A278004061AA /* PBXTargetDependency */,
			);
			name = "Swift-Caculator-AppUITests";
			productName = "Swift-Caculator-AppUITests";
			productReference = F73CFA9C2DF6A278004061AA /* Swift-Caculator-AppUITests.xctest */;
			productType = "com.apple.product-type.bundle.ui-testing";
		};
/* End PBXNativeTarget section */

/* Begin PBXProject section */
		F73CFA792DF6A277004061AA /* Project object */ = {
			isa = PBXProject;
			attributes = {
				BuildIndependentTargetsInParallel = 1;
				LastSwiftUpdateCheck = 1500;
				LastUpgradeCheck = 1500;
				TargetAttributes = {
					F73CFA802DF6A277004061AA = {
						CreatedOnToolsVersion = 15.0.1;
					};
					F73CFA912DF6A278004061AA = {
						CreatedOnToolsVersion = 15.0.1;
						TestTargetID = F73CFA802DF6A277004061AA;
					};
					F73CFA9B2DF6A278004061AA = {
						CreatedOnToolsVersion = 15.0.1;
						TestTargetID = F73CFA802DF6A277004061AA;
					};
				};
			};
			buildConfigurationList = F73CFA7C2DF6A277004061AA /* Build configuration list for PBXProject "Swift-Caculator-App" */;
			compatibilityVersion = "Xcode 14.0";
			developmentRegion = en;
			hasScannedForEncodings = 0;
			knownRegions = (
				en,
				Base,
			);
			mainGroup = F73CFA782DF6A277004061AA;
			productRefGroup = F73CFA822DF6A277004061AA /* Products */;
			projectDirPath = "";
			projectRoot = "";
			targets = (
				F73CFA802DF6A277004061AA /* Swift-Caculator-App */,
				F73CFA912DF6A278004061AA /* Swift-Caculator-AppTests */,
				F73CFA9B2DF6A278004061AA /* Swift-Caculator-AppUITests */,
			);
		};
/* End PBXProject section */

/* Begin PBXResourcesBuildPhase section */
		F73CFA7F2DF6A277004061AA /* Resources */ = {
			isa = PBXResourcesBuildPhase;
			buildActionMask = 2147483647;
			files = (
				F73CFA8D2DF6A278004061AA /* Preview Assets.xcassets in Resources */,
				F73CFA892DF6A278004061AA /* Assets.xcassets in Resources */,
			);
			runOnlyForDeploymentPostprocessing = 0;
		};
		F73CFA902DF6A278004061AA /* Resources */ = {
			isa = PBXResourcesBuildPhase;
			buildActionMask = 2147483647;
			files = (
			);
			runOnlyForDeploymentPostprocessing = 0;
		};
		F73CFA9A2DF6A278004061AA /* Resources */ = {
			isa = PBXResourcesBuildPhase;
			buildActionMask = 2147483647;
			files = (
			);
			runOnlyForDeploymentPostprocessing = 0;
		};
/* End PBXResourcesBuildPhase section */

/* Begin PBXSourcesBuildPhase section */
		F73CFA7D2DF6A277004061AA /* Sources */ = {
			isa = PBXSourcesBuildPhase;
			buildActionMask = 2147483647;
			files = (
				F73CFA872DF6A277004061AA /* ContentView.swift in Sources */,
				F73CFA852DF6A277004061AA /* Swift_Caculator_AppApp.swift in Sources */,
			);
			runOnlyForDeploymentPostprocessing = 0;
		};
		F73CFA8E2DF6A278004061AA /* Sources */ = {
			isa = PBXSourcesBuildPhase;
			buildActionMask = 2147483647;
			files = (
				F73CFA972DF6A278004061AA /* Swift_Caculator_AppTests.swift in Sources */,
			);
			runOnlyForDeploymentPostprocessing = 0;
		};
		F73CFA982DF6A278004061AA /* Sources */ = {
			isa = PBXSourcesBuildPhase;
			buildActionMask = 2147483647;
			files = (
				F73CFAA12DF6A278004061AA /* Swift_Caculator_AppUITests.swift in Sources */,
				F73CFAA32DF6A278004061AA /* Swift_Caculator_AppUITestsLaunchTests.swift in Sources */,
			);
			runOnlyForDeploymentPostprocessing = 0;
		};
/* End PBXSourcesBuildPhase section */

/* Begin PBXTargetDependency section */
		F73CFA942DF6A278004061AA /* PBXTargetDependency */ = {
			isa = PBXTargetDependency;
			target = F73CFA802DF6A277004061AA /* Swift-Caculator-App */;
			targetProxy = F73CFA932DF6A278004061AA /* PBXContainerItemProxy */;
		};
		F73CFA9E2DF6A278004061AA /* PBXTargetDependency */ = {
			isa = PBXTargetDependency;
			target = F73CFA802DF6A277004061AA /* Swift-Caculator-App */;
			targetProxy = F73CFA9D2DF6A278004061AA /* PBXContainerItemProxy */;
		};
/* End PBXTargetDependency section */

/* Begin XCBuildConfiguration section */
		F73CFAA42DF6A278004061AA /* Debug */ = {
			isa = XCBuildConfiguration;
			buildSettings = {
				ALWAYS_SEARCH_USER_PATHS = NO;
				ASSETCATALOG_COMPILER_GENERATE_SWIFT_ASSET_SYMBOL_EXTENSIONS = YES;
				CLANG_ANALYZER_NONNULL = YES;
				CLANG_ANALYZER_NUMBER_OBJECT_CONVERSION = YES_AGGRESSIVE;
				CLANG_CXX_LANGUAGE_STANDARD = "gnu++20";
				CLANG_ENABLE_MODULES = YES;
				CLANG_ENABLE_OBJC_ARC = YES;
				CLANG_ENABLE_OBJC_WEAK = YES;
				CLANG_WARN_BLOCK_CAPTURE_AUTORELEASING = YES;
				CLANG_WARN_BOOL_CONVERSION = YES;
				CLANG_WARN_COMMA = YES;
				CLANG_WARN_CONSTANT_CONVERSION = YES;
				CLANG_WARN_DEPRECATED_OBJC_IMPLEMENTATIONS = YES;
				CLANG_WARN_DIRECT_OBJC_ISA_USAGE = YES_ERROR;
				CLANG_WARN_DOCUMENTATION_COMMENTS = YES;
				CLANG_WARN_EMPTY_BODY = YES;
				CLANG_WARN_ENUM_CONVERSION = YES;
				CLANG_WARN_INFINITE_RECURSION = YES;
				CLANG_WARN_INT_CONVERSION = YES;
				CLANG_WARN_NON_LITERAL_NULL_CONVERSION = YES;
				CLANG_WARN_OBJC_IMPLICIT_RETAIN_SELF = YES;
				CLANG_WARN_OBJC_LITERAL_CONVERSION = YES;
				CLANG_WARN_OBJC_ROOT_CLASS = YES_ERROR;
				CLANG_WARN_QUOTED_INCLUDE_IN_FRAMEWORK_HEADER = YES;
				CLANG_WARN_RANGE_LOOP_ANALYSIS = YES;
				CLANG_WARN_STRICT_PROTOTYPES = YES;
				CLANG_WARN_SUSPICIOUS_MOVE = YES;
				CLANG_WARN_UNGUARDED_AVAILABILITY = YES_AGGRESSIVE;
				CLANG_WARN_UNREACHABLE_CODE = YES;
				CLANG_WARN__DUPLICATE_METHOD_MATCH = YES;
				COPY_PHASE_STRIP = NO;
				DEBUG_INFORMATION_FORMAT = dwarf;
				ENABLE_STRICT_OBJC_MSGSEND = YES;
				ENABLE_TESTABILITY = YES;
				ENABLE_USER_SCRIPT_SANDBOXING = YES;
				GCC_C_LANGUAGE_STANDARD = gnu17;
				GCC_DYNAMIC_NO_PIC = NO;
				GCC_NO_COMMON_BLOCKS = YES;
				GCC_OPTIMIZATION_LEVEL = 0;
				GCC_PREPROCESSOR_DEFINITIONS = (
					"DEBUG=1",
					"$(inherited)",
				);
				GCC_WARN_64_TO_32_BIT_CONVERSION = YES;
				GCC_WARN_ABOUT_RETURN_TYPE = YES_ERROR;
				GCC_WARN_UNDECLARED_SELECTOR = YES;
				GCC_WARN_UNINITIALIZED_AUTOS = YES_AGGRESSIVE;
				GCC_WARN_UNUSED_FUNCTION = YES;
				GCC_WARN_UNUSED_VARIABLE = YES;
				LOCALIZATION_PREFERS_STRING_CATALOGS = YES;
				MTL_ENABLE_DEBUG_INFO = INCLUDE_SOURCE;
				MTL_FAST_MATH = YES;
				ONLY_ACTIVE_ARCH = YES;
				SWIFT_ACTIVE_COMPILATION_CONDITIONS = "DEBUG $(inherited)";
				SWIFT_OPTIMIZATION_LEVEL = "-Onone";
			};
			name = Debug;
		};
		F73CFAA52DF6A278004061AA /* Release */ = {
			isa = XCBuildConfiguration;
			buildSettings = {
				ALWAYS_SEARCH_USER_PATHS = NO;
				ASSETCATALOG_COMPILER_GENERATE_SWIFT_ASSET_SYMBOL_EXTENSIONS = YES;
				CLANG_ANALYZER_NONNULL = YES;
				CLANG_ANALYZER_NUMBER_OBJECT_CONVERSION = YES_AGGRESSIVE;
				CLANG_CXX_LANGUAGE_STANDARD = "gnu++20";
				CLANG_ENABLE_MODULES = YES;
				CLANG_ENABLE_OBJC_ARC = YES;
				CLANG_ENABLE_OBJC_WEAK = YES;
				CLANG_WARN_BLOCK_CAPTURE_AUTORELEASING = YES;
				CLANG_WARN_BOOL_CONVERSION = YES;
				CLANG_WARN_COMMA = YES;
				CLANG_WARN_CONSTANT_CONVERSION = YES;
				CLANG_WARN_DEPRECATED_OBJC_IMPLEMENTATIONS = YES;
				CLANG_WARN_DIRECT_OBJC_ISA_USAGE = YES_ERROR;
				CLANG_WARN_DOCUMENTATION_COMMENTS = YES;
				CLANG_WARN_EMPTY_BODY = YES;
				CLANG_WARN_ENUM_CONVERSION = YES;
				CLANG_WARN_INFINITE_RECURSION = YES;
				CLANG_WARN_INT_CONVERSION = YES;
				CLANG_WARN_NON_LITERAL_NULL_CONVERSION = YES;
				CLANG_WARN_OBJC_IMPLICIT_RETAIN_SELF = YES;
				CLANG_WARN_OBJC_LITERAL_CONVERSION = YES;
				CLANG_WARN_OBJC_ROOT_CLASS = YES_ERROR;
				CLANG_WARN_QUOTED_INCLUDE_IN_FRAMEWORK_HEADER = YES;
				CLANG_WARN_RANGE_LOOP_ANALYSIS = YES;
				CLANG_WARN_STRICT_PROTOTYPES = YES;
				CLANG_WARN_SUSPICIOUS_MOVE = YES;
				CLANG_WARN_UNGUARDED_AVAILABILITY = YES_AGGRESSIVE;
				CLANG_WARN_UNREACHABLE_CODE = YES;
				CLANG_WARN__DUPLICATE_METHOD_MATCH = YES;
				COPY_PHASE_STRIP = NO;
				DEBUG_INFORMATION_FORMAT = "dwarf-with-dsym";
				ENABLE_NS_ASSERTIONS = NO;
				ENABLE_STRICT_OBJC_MSGSEND = YES;
				ENABLE_USER_SCRIPT_SANDBOXING = YES;
				GCC_C_LANGUAGE_STANDARD = gnu17;
				GCC_NO_COMMON_BLOCKS = YES;
				GCC_WARN_64_TO_32_BIT_CONVERSION = YES;
				GCC_WARN_ABOUT_RETURN_TYPE = YES_ERROR;
				GCC_WARN_UNDECLARED_SELECTOR = YES;
				GCC_WARN_UNINITIALIZED_AUTOS = YES_AGGRESSIVE;
				GCC_WARN_UNUSED_FUNCTION = YES;
				GCC_WARN_UNUSED_VARIABLE = YES;
				LOCALIZATION_PREFERS_STRING_CATALOGS = YES;
				MTL_ENABLE_DEBUG_INFO = NO;
				MTL_FAST_MATH = YES;
				SWIFT_COMPILATION_MODE = wholemodule;
			};
			name = Release;
		};
		F73CFAA72DF6A278004061AA /* Debug */ = {
			isa = XCBuildConfiguration;
			buildSettings = {
				ASSETCATALOG_COMPILER_APPICON_NAME = AppIcon;
				ASSETCATALOG_COMPILER_GLOBAL_ACCENT_COLOR_NAME = AccentColor;
				CODE_SIGN_ENTITLEMENTS = "Swift-Caculator-App/Swift_Caculator_App.entitlements";
				CODE_SIGN_STYLE = Automatic;
				CURRENT_PROJECT_VERSION = 1;
				DEVELOPMENT_ASSET_PATHS = "\"Swift-Caculator-App/Preview Content\"";
				ENABLE_PREVIEWS = YES;
				GENERATE_INFOPLIST_FILE = YES;
				"INFOPLIST_KEY_UIApplicationSceneManifest_Generation[sdk=iphoneos*]" = YES;
				"INFOPLIST_KEY_UIApplicationSceneManifest_Generation[sdk=iphonesimulator*]" = YES;
				"INFOPLIST_KEY_UIApplicationSupportsIndirectInputEvents[sdk=iphoneos*]" = YES;
				"INFOPLIST_KEY_UIApplicationSupportsIndirectInputEvents[sdk=iphonesimulator*]" = YES;
				"INFOPLIST_KEY_UILaunchScreen_Generation[sdk=iphoneos*]" = YES;
				"INFOPLIST_KEY_UILaunchScreen_Generation[sdk=iphonesimulator*]" = YES;
				"INFOPLIST_KEY_UIStatusBarStyle[sdk=iphoneos*]" = UIStatusBarStyleDefault;
				"INFOPLIST_KEY_UIStatusBarStyle[sdk=iphonesimulator*]" = UIStatusBarStyleDefault;
				INFOPLIST_KEY_UISupportedInterfaceOrientations_iPad = "UIInterfaceOrientationPortrait UIInterfaceOrientationPortraitUpsideDown UIInterfaceOrientationLandscapeLeft UIInterfaceOrientationLandscapeRight";
				INFOPLIST_KEY_UISupportedInterfaceOrientations_iPhone = "UIInterfaceOrientationPortrait UIInterfaceOrientationLandscapeLeft UIInterfaceOrientationLandscapeRight";
				IPHONEOS_DEPLOYMENT_TARGET = 17.0;
				LD_RUNPATH_SEARCH_PATHS = "@executable_path/Frameworks";
				"LD_RUNPATH_SEARCH_PATHS[sdk=macosx*]" = "@executable_path/../Frameworks";
				MACOSX_DEPLOYMENT_TARGET = 14.0;
				MARKETING_VERSION = 1.0;
				PRODUCT_BUNDLE_IDENTIFIER = "project.Swift-Caculator-App";
				PRODUCT_NAME = "$(TARGET_NAME)";
				SDKROOT = auto;
				SUPPORTED_PLATFORMS = "iphoneos iphonesimulator macosx";
				SWIFT_EMIT_LOC_STRINGS = YES;
				SWIFT_VERSION = 5.0;
				TARGETED_DEVICE_FAMILY = "1,2";
			};
			name = Debug;
		};
		F73CFAA82DF6A278004061AA /* Release */ = {
			isa = XCBuildConfiguration;
			buildSettings = {
				ASSETCATALOG_COMPILER_APPICON_NAME = AppIcon;
				ASSETCATALOG_COMPILER_GLOBAL_ACCENT_COLOR_NAME = AccentColor;
				CODE_SIGN_ENTITLEMENTS = "Swift-Caculator-App/Swift_Caculator_App.entitlements";
				CODE_SIGN_STYLE = Automatic;
				CURRENT_PROJECT_VERSION = 1;
				DEVELOPMENT_ASSET_PATHS = "\"Swift-Caculator-App/Preview Content\"";
				ENABLE_PREVIEWS = YES;
				GENERATE_INFOPLIST_FILE = YES;
				"INFOPLIST_KEY_UIApplicationSceneManifest_Generation[sdk=iphoneos*]" = YES;
				"INFOPLIST_KEY_UIApplicationSceneManifest_Generation[sdk=iphonesimulator*]" = YES;
				"INFOPLIST_KEY_UIApplicationSupportsIndirectInputEvents[sdk=iphoneos*]" = YES;
				"INFOPLIST_KEY_UIApplicationSupportsIndirectInputEvents[sdk=iphonesimulator*]" = YES;
				"INFOPLIST_KEY_UILaunchScreen_Generation[sdk=iphoneos*]" = YES;
				"INFOPLIST_KEY_UILaunchScreen_Generation[sdk=iphonesimulator*]" = YES;
				"INFOPLIST_KEY_UIStatusBarStyle[sdk=iphoneos*]" = UIStatusBarStyleDefault;
				"INFOPLIST_KEY_UIStatusBarStyle[sdk=iphonesimulator*]" = UIStatusBarStyleDefault;
				INFOPLIST_KEY_UISupportedInterfaceOrientations_iPad = "UIInterfaceOrientationPortrait UIInterfaceOrientationPortraitUpsideDown UIInterfaceOrientationLandscapeLeft UIInterfaceOrientationLandscapeRight";
				INFOPLIST_KEY_UISupportedInterfaceOrientations_iPhone = "UIInterfaceOrientationPortrait UIInterfaceOrientationLandscapeLeft UIInterfaceOrientationLandscapeRight";
				IPHONEOS_DEPLOYMENT_TARGET = 17.0;
				LD_RUNPATH_SEARCH_PATHS = "@executable_path/Frameworks";
				"LD_RUNPATH_SEARCH_PATHS[sdk=macosx*]" = "@executable_path/../Frameworks";
				MACOSX_DEPLOYMENT_TARGET = 14.0;
				MARKETING_VERSION = 1.0;
				PRODUCT_BUNDLE_IDENTIFIER = "project.Swift-Caculator-App";
				PRODUCT_NAME = "$(TARGET_NAME)";
				SDKROOT = auto;
				SUPPORTED_PLATFORMS = "iphoneos iphonesimulator macosx";
				SWIFT_EMIT_LOC_STRINGS = YES;
				SWIFT_VERSION = 5.0;
				TARGETED_DEVICE_FAMILY = "1,2";
			};
			name = Release;
		};
		F73CFAAA2DF6A278004061AA /* Debug */ = {
			isa = XCBuildConfiguration;
			buildSettings = {
				ALWAYS_EMBED_SWIFT_STANDARD_LIBRARIES = YES;
				BUNDLE_LOADER = "$(TEST_HOST)";
				CODE_SIGN_STYLE = Automatic;
				CURRENT_PROJECT_VERSION = 1;
				GENERATE_INFOPLIST_FILE = YES;
				IPHONEOS_DEPLOYMENT_TARGET = 17.0;
				MACOSX_DEPLOYMENT_TARGET = 14.0;
				MARKETING_VERSION = 1.0;
				PRODUCT_BUNDLE_IDENTIFIER = "project.Swift-Caculator-AppTests";
				PRODUCT_NAME = "$(TARGET_NAME)";
				SDKROOT = auto;
				SUPPORTED_PLATFORMS = "iphoneos iphonesimulator macosx";
				SWIFT_EMIT_LOC_STRINGS = NO;
				SWIFT_VERSION = 5.0;
				TARGETED_DEVICE_FAMILY = "1,2";
				TEST_HOST = "$(BUILT_PRODUCTS_DIR)/Swift-Caculator-App.app/$(BUNDLE_EXECUTABLE_FOLDER_PATH)/Swift-Caculator-App";
			};
			name = Debug;
		};
		F73CFAAB2DF6A278004061AA /* Release */ = {
			isa = XCBuildConfiguration;
			buildSettings = {
				ALWAYS_EMBED_SWIFT_STANDARD_LIBRARIES = YES;
				BUNDLE_LOADER = "$(TEST_HOST)";
				CODE_SIGN_STYLE = Automatic;
				CURRENT_PROJECT_VERSION = 1;
				GENERATE_INFOPLIST_FILE = YES;
				IPHONEOS_DEPLOYMENT_TARGET = 17.0;
				MACOSX_DEPLOYMENT_TARGET = 14.0;
				MARKETING_VERSION = 1.0;
				PRODUCT_BUNDLE_IDENTIFIER = "project.Swift-Caculator-AppTests";
				PRODUCT_NAME = "$(TARGET_NAME)";
				SDKROOT = auto;
				SUPPORTED_PLATFORMS = "iphoneos iphonesimulator macosx";
				SWIFT_EMIT_LOC_STRINGS = NO;
				SWIFT_VERSION = 5.0;
				TARGETED_DEVICE_FAMILY = "1,2";
				TEST_HOST = "$(BUILT_PRODUCTS_DIR)/Swift-Caculator-App.app/$(BUNDLE_EXECUTABLE_FOLDER_PATH)/Swift-Caculator-App";
			};
			name = Release;
		};
		F73CFAAD2DF6A278004061AA /* Debug */ = {
			isa = XCBuildConfiguration;
			buildSettings = {
				ALWAYS_EMBED_SWIFT_STANDARD_LIBRARIES = YES;
				CODE_SIGN_STYLE = Automatic;
				CURRENT_PROJECT_VERSION = 1;
				GENERATE_INFOPLIST_FILE = YES;
				IPHONEOS_DEPLOYMENT_TARGET = 17.0;
				MACOSX_DEPLOYMENT_TARGET = 14.0;
				MARKETING_VERSION = 1.0;
				PRODUCT_BUNDLE_IDENTIFIER = "project.Swift-Caculator-AppUITests";
				PRODUCT_NAME = "$(TARGET_NAME)";
				SDKROOT = auto;
				SUPPORTED_PLATFORMS = "iphoneos iphonesimulator macosx";
				SWIFT_EMIT_LOC_STRINGS = NO;
				SWIFT_VERSION = 5.0;
				TARGETED_DEVICE_FAMILY = "1,2";
				TEST_TARGET_NAME = "Swift-Caculator-App";
			};
			name = Debug;
		};
		F73CFAAE2DF6A278004061AA /* Release */ = {
			isa = XCBuildConfiguration;
			buildSettings = {
				ALWAYS_EMBED_SWIFT_STANDARD_LIBRARIES = YES;
				CODE_SIGN_STYLE = Automatic;
				CURRENT_PROJECT_VERSION = 1;
				GENERATE_INFOPLIST_FILE = YES;
				IPHONEOS_DEPLOYMENT_TARGET = 17.0;
				MACOSX_DEPLOYMENT_TARGET = 14.0;
				MARKETING_VERSION = 1.0;
				PRODUCT_BUNDLE_IDENTIFIER = "project.Swift-Caculator-AppUITests";
				PRODUCT_NAME = "$(TARGET_NAME)";
				SDKROOT = auto;
				SUPPORTED_PLATFORMS = "iphoneos iphonesimulator macosx";
				SWIFT_EMIT_LOC_STRINGS = NO;
				SWIFT_VERSION = 5.0;
				TARGETED_DEVICE_FAMILY = "1,2";
				TEST_TARGET_NAME = "Swift-Caculator-App";
			};
			name = Release;
		};
/* End XCBuildConfiguration section */

/* Begin XCConfigurationList section */
		F73CFA7C2DF6A277004061AA /* Build configuration list for PBXProject "Swift-Caculator-App" */ = {
			isa = XCConfigurationList;
			buildConfigurations = (
				F73CFAA42DF6A278004061AA /* Debug */,
				F73CFAA52DF6A278004061AA /* Release */,
			);
			defaultConfigurationIsVisible = 0;
			defaultConfigurationName = Release;
		};
		F73CFAA62DF6A278004061AA /* Build configuration list for PBXNativeTarget "Swift-Caculator-App" */ = {
			isa = XCConfigurationList;
			buildConfigurations = (
				F73CFAA72DF6A278004061AA /* Debug */,
				F73CFAA82DF6A278004061AA /* Release */,
			);
			defaultConfigurationIsVisible = 0;
			defaultConfigurationName = Release;
		};
		F73CFAA92DF6A278004061AA /* Build configuration list for PBXNativeTarget "Swift-Caculator-AppTests" */ = {
			isa = XCConfigurationList;
			buildConfigurations = (
				F73CFAAA2DF6A278004061AA /* Debug */,
				F73CFAAB2DF6A278004061AA /* Release */,
			);
			defaultConfigurationIsVisible = 0;
			defaultConfigurationName = Release;
		};
		F73CFAAC2DF6A278004061AA /* Build configuration list for PBXNativeTarget "Swift-Caculator-AppUITests" */ = {
			isa = XCConfigurationList;
			buildConfigurations = (
				F73CFAAD2DF6A278004061AA /* Debug */,
				F73CFAAE2DF6A278004061AA /* Release */,
			);
			defaultConfigurationIsVisible = 0;
			defaultConfigurationName = Release;
		};
/* End XCConfigurationList section */
	};
	rootObject = F73CFA792DF6A277004061AA /* Project object */;
}
